
Microsoft Visual Studio Solution File, Format Version 12.00
# Visual Studio 15
VisualStudioVersion = 15.0.28010.2048
MinimumVisualStudioVersion = 10.0.40219.1
Project("{FAE04EC0-301F-11D3-BF4B-00C04F79EFBC}") = "KulasTeodorKlasaFile", "KulasTeodorKlasaFile\KulasTeodorKlasaFile.csproj", "{F46900E1-5BD4-49E4-BB37-945C6AED203A}"
EndProject
Global
	GlobalSection(SolutionConfigurationPlatforms) = preSolution
		Debug|Any CPU = Debug|Any CPU
		Release|Any CPU = Release|Any CPU
	EndGlobalSection
	GlobalSection(ProjectConfigurationPlatforms) = postSolution
		{F46900E1-5BD4-49E4-BB37-945C6AED203A}.Debug|Any CPU.ActiveCfg = Debug|Any CPU
		{F46900E1-5BD4-49E4-BB37-945C6AED203A}.Debug|Any CPU.Build.0 = Debug|Any CPU
		{F46900E1-5BD4-49E4-BB37-945C6AED203A}.Release|Any CPU.ActiveCfg = Release|Any CPU
		{F46900E1-5BD4-49E4-BB37-945C6AED203A}.Release|Any CPU.Build.0 = Release|Any CPU
	EndGlobalSection
	GlobalSection(SolutionProperties) = preSolution
		HideSolutionNode = FALSE
	EndGlobalSection
	GlobalSection(ExtensibilityGlobals) = postSolution
		SolutionGuid = {79EA1C9A-BE1A-4597-9B1C-88287160558E}
	EndGlobalSection
EndGlobal
