
Microsoft Visual Studio Solution File, Format Version 12.00
# Visual Studio 15
VisualStudioVersion = 15.0.28010.2048
MinimumVisualStudioVersion = 10.0.40219.1
Project("{FAE04EC0-301F-11D3-BF4B-00C04F79EFBC}") = "KulasTeodorKlasaPath", "KulasTeodorKlasaPath\KulasTeodorKlasaPath.csproj", "{B6FC081D-15FE-4E5F-B25A-818F74CA038F}"
EndProject
Global
	GlobalSection(SolutionConfigurationPlatforms) = preSolution
		Debug|Any CPU = Debug|Any CPU
		Release|Any CPU = Release|Any CPU
	EndGlobalSection
	GlobalSection(ProjectConfigurationPlatforms) = postSolution
		{B6FC081D-15FE-4E5F-B25A-818F74CA038F}.Debug|Any CPU.ActiveCfg = Debug|Any CPU
		{B6FC081D-15FE-4E5F-B25A-818F74CA038F}.Debug|Any CPU.Build.0 = Debug|Any CPU
		{B6FC081D-15FE-4E5F-B25A-818F74CA038F}.Release|Any CPU.ActiveCfg = Release|Any CPU
		{B6FC081D-15FE-4E5F-B25A-818F74CA038F}.Release|Any CPU.Build.0 = Release|Any CPU
	EndGlobalSection
	GlobalSection(SolutionProperties) = preSolution
		HideSolutionNode = FALSE
	EndGlobalSection
	GlobalSection(ExtensibilityGlobals) = postSolution
		SolutionGuid = {1D1AB221-D6C8-443B-8482-F11DDA1CDC16}
	EndGlobalSection
EndGlobal
