
Microsoft Visual Studio Solution File, Format Version 12.00
# Visual Studio 15
VisualStudioVersion = 15.0.27130.0
MinimumVisualStudioVersion = 10.0.40219.1
Project("{FAE04EC0-301F-11D3-BF4B-00C04F79EFBC}") = "UsingKulasTeodor", "UsingKulasTeodor\UsingKulasTeodor.csproj", "{B3707D7B-A26E-45CD-AA67-9FB8100EA185}"
EndProject
Global
	GlobalSection(SolutionConfigurationPlatforms) = preSolution
		Debug|Any CPU = Debug|Any CPU
		Release|Any CPU = Release|Any CPU
	EndGlobalSection
	GlobalSection(ProjectConfigurationPlatforms) = postSolution
		{B3707D7B-A26E-45CD-AA67-9FB8100EA185}.Debug|Any CPU.ActiveCfg = Debug|Any CPU
		{B3707D7B-A26E-45CD-AA67-9FB8100EA185}.Debug|Any CPU.Build.0 = Debug|Any CPU
		{B3707D7B-A26E-45CD-AA67-9FB8100EA185}.Release|Any CPU.ActiveCfg = Release|Any CPU
		{B3707D7B-A26E-45CD-AA67-9FB8100EA185}.Release|Any CPU.Build.0 = Release|Any CPU
	EndGlobalSection
	GlobalSection(SolutionProperties) = preSolution
		HideSolutionNode = FALSE
	EndGlobalSection
	GlobalSection(ExtensibilityGlobals) = postSolution
		SolutionGuid = {7E62F53B-A2C3-4572-830E-A58BE64842F7}
	EndGlobalSection
EndGlobal
