
Microsoft Visual Studio Solution File, Format Version 12.00
# Visual Studio 15
VisualStudioVersion = 15.0.28010.2026
MinimumVisualStudioVersion = 10.0.40219.1
Project("{FAE04EC0-301F-11D3-BF4B-00C04F79EFBC}") = "KulasTeodorTimeKomponenta", "KulasTeodorTimeKomponenta\KulasTeodorTimeKomponenta.csproj", "{B298638E-F618-457C-B377-5377E1F8283B}"
EndProject
Global
	GlobalSection(SolutionConfigurationPlatforms) = preSolution
		Debug|Any CPU = Debug|Any CPU
		Release|Any CPU = Release|Any CPU
	EndGlobalSection
	GlobalSection(ProjectConfigurationPlatforms) = postSolution
		{B298638E-F618-457C-B377-5377E1F8283B}.Debug|Any CPU.ActiveCfg = Debug|Any CPU
		{B298638E-F618-457C-B377-5377E1F8283B}.Debug|Any CPU.Build.0 = Debug|Any CPU
		{B298638E-F618-457C-B377-5377E1F8283B}.Release|Any CPU.ActiveCfg = Release|Any CPU
		{B298638E-F618-457C-B377-5377E1F8283B}.Release|Any CPU.Build.0 = Release|Any CPU
	EndGlobalSection
	GlobalSection(SolutionProperties) = preSolution
		HideSolutionNode = FALSE
	EndGlobalSection
	GlobalSection(ExtensibilityGlobals) = postSolution
		SolutionGuid = {5E22FF67-C544-4B3B-A720-4B102DCBE761}
	EndGlobalSection
EndGlobal
